// !$*UTF8*$!
{
	archiveVersion = 1;
	classes = {
	};
	objectVersion = 51;
	objects = {

/* Begin PBXBuildFile section */
		503EA9C6240C9EBE00C8CEAE /* TimeStrategy.swift in Sources */ = {isa = PBXBuildFile; fileRef = 503EA9C5240C9EBE00C8CEAE /* TimeStrategy.swift */; };
		503EA9C8240CC12100C8CEAE /* QuestionStrategy.swift in Sources */ = {isa = PBXBuildFile; fileRef = 503EA9C7240CC12100C8CEAE /* QuestionStrategy.swift */; };
		503EA9CA240D5A5400C8CEAE /* GameDifficultyFacade.swift in Sources */ = {isa = PBXBuildFile; fileRef = 503EA9C9240D5A5400C8CEAE /* GameDifficultyFacade.swift */; };
		5086B500240BD757005966B4 /* Difficulty.swift in Sources */ = {isa = PBXBuildFile; fileRef = 5086B4FF240BD757005966B4 /* Difficulty.swift */; };
		50BBDE0023FB7FB200B8A540 /* Game.swift in Sources */ = {isa = PBXBuildFile; fileRef = 50BBDDFF23FB7FB200B8A540 /* Game.swift */; };
		50BBDE0223FB805500B8A540 /* GameSession.swift in Sources */ = {isa = PBXBuildFile; fileRef = 50BBDE0123FB805500B8A540 /* GameSession.swift */; };
		50BBDE0423FB84E000B8A540 /* GameResult.swift in Sources */ = {isa = PBXBuildFile; fileRef = 50BBDE0323FB84E000B8A540 /* GameResult.swift */; };
		50BBDE0723FB8C9500B8A540 /* ResultsCaretaker.swift in Sources */ = {isa = PBXBuildFile; fileRef = 50BBDE0623FB8C9500B8A540 /* ResultsCaretaker.swift */; };
		50F8E09F23F6AF140065763A /* AppDelegate.swift in Sources */ = {isa = PBXBuildFile; fileRef = 50F8E09E23F6AF140065763A /* AppDelegate.swift */; };
		50F8E0A123F6AF140065763A /* SceneDelegate.swift in Sources */ = {isa = PBXBuildFile; fileRef = 50F8E0A023F6AF140065763A /* SceneDelegate.swift */; };
		50F8E0A623F6AF140065763A /* Main.storyboard in Resources */ = {isa = PBXBuildFile; fileRef = 50F8E0A423F6AF140065763A /* Main.storyboard */; };
		50F8E0A823F6AF150065763A /* Assets.xcassets in Resources */ = {isa = PBXBuildFile; fileRef = 50F8E0A723F6AF150065763A /* Assets.xcassets */; };
		50F8E0AB23F6AF150065763A /* LaunchScreen.storyboard in Resources */ = {isa = PBXBuildFile; fileRef = 50F8E0A923F6AF150065763A /* LaunchScreen.storyboard */; };
		50F8E0B323F6B01C0065763A /* QuestionAndAnswers.swift in Sources */ = {isa = PBXBuildFile; fileRef = 50F8E0B223F6B01C0065763A /* QuestionAndAnswers.swift */; };
		50F8E0B523F6B03F0065763A /* NetworkService.swift in Sources */ = {isa = PBXBuildFile; fileRef = 50F8E0B423F6B03F0065763A /* NetworkService.swift */; };
		50F8E0B723F6B05A0065763A /* MainMenuController.swift in Sources */ = {isa = PBXBuildFile; fileRef = 50F8E0B623F6B05A0065763A /* MainMenuController.swift */; };
		50F8E0B923F6D27E0065763A /* GameController.swift in Sources */ = {isa = PBXBuildFile; fileRef = 50F8E0B823F6D27E0065763A /* GameController.swift */; };
		50F8E0BC23F6DBA60065763A /* AnswerCell.swift in Sources */ = {isa = PBXBuildFile; fileRef = 50F8E0BA23F6DBA60065763A /* AnswerCell.swift */; };
		50F8E0BD23F6DBA60065763A /* AnswerCell.xib in Resources */ = {isa = PBXBuildFile; fileRef = 50F8E0BB23F6DBA60065763A /* AnswerCell.xib */; };
		50F8E0BF23F81BFF0065763A /* ResultsController.swift in Sources */ = {isa = PBXBuildFile; fileRef = 50F8E0BE23F81BFF0065763A /* ResultsController.swift */; };
		987A4CE59263262CD5EEC2F9 /* Pods_Millionaire.framework in Frameworks */ = {isa = PBXBuildFile; fileRef = 55A25C5B2FA408F6F2C3C276 /* Pods_Millionaire.framework */; };
/* End PBXBuildFile section */

/* Begin PBXFileReference section */
		1CDC7237E9B56CA4D143E626 /* Pods-Millionaire.debug.xcconfig */ = {isa = PBXFileReference; includeInIndex = 1; lastKnownFileType = text.xcconfig; name = "Pods-Millionaire.debug.xcconfig"; path = "Target Support Files/Pods-Millionaire/Pods-Millionaire.debug.xcconfig"; sourceTree = "<group>"; };
		503EA9C5240C9EBE00C8CEAE /* TimeStrategy.swift */ = {isa = PBXFileReference; lastKnownFileType = sourcecode.swift; path = TimeStrategy.swift; sourceTree = "<group>"; };
		503EA9C7240CC12100C8CEAE /* QuestionStrategy.swift */ = {isa = PBXFileReference; lastKnownFileType = sourcecode.swift; path = QuestionStrategy.swift; sourceTree = "<group>"; };
		503EA9C9240D5A5400C8CEAE /* GameDifficultyFacade.swift */ = {isa = PBXFileReference; lastKnownFileType = sourcecode.swift; path = GameDifficultyFacade.swift; sourceTree = "<group>"; };
		5086B4FF240BD757005966B4 /* Difficulty.swift */ = {isa = PBXFileReference; lastKnownFileType = sourcecode.swift; path = Difficulty.swift; sourceTree = "<group>"; };
		50BBDDFF23FB7FB200B8A540 /* Game.swift */ = {isa = PBXFileReference; lastKnownFileType = sourcecode.swift; path = Game.swift; sourceTree = "<group>"; };
		50BBDE0123FB805500B8A540 /* GameSession.swift */ = {isa = PBXFileReference; lastKnownFileType = sourcecode.swift; path = GameSession.swift; sourceTree = "<group>"; };
		50BBDE0323FB84E000B8A540 /* GameResult.swift */ = {isa = PBXFileReference; lastKnownFileType = sourcecode.swift; name = GameResult.swift; path = ../Patterns/GameResult.swift; sourceTree = "<group>"; };
		50BBDE0623FB8C9500B8A540 /* ResultsCaretaker.swift */ = {isa = PBXFileReference; lastKnownFileType = sourcecode.swift; path = ResultsCaretaker.swift; sourceTree = "<group>"; };
		50F8E09B23F6AF140065763A /* Millionaire.app */ = {isa = PBXFileReference; explicitFileType = wrapper.application; includeInIndex = 0; path = Millionaire.app; sourceTree = BUILT_PRODUCTS_DIR; };
		50F8E09E23F6AF140065763A /* AppDelegate.swift */ = {isa = PBXFileReference; lastKnownFileType = sourcecode.swift; path = AppDelegate.swift; sourceTree = "<group>"; };
		50F8E0A023F6AF140065763A /* SceneDelegate.swift */ = {isa = PBXFileReference; lastKnownFileType = sourcecode.swift; path = SceneDelegate.swift; sourceTree = "<group>"; };
		50F8E0A523F6AF140065763A /* Base */ = {isa = PBXFileReference; lastKnownFileType = file.storyboard; name = Base; path = Base.lproj/Main.storyboard; sourceTree = "<group>"; };
		50F8E0A723F6AF150065763A /* Assets.xcassets */ = {isa = PBXFileReference; lastKnownFileType = folder.assetcatalog; path = Assets.xcassets; sourceTree = "<group>"; };
		50F8E0AA23F6AF150065763A /* Base */ = {isa = PBXFileReference; lastKnownFileType = file.storyboard; name = Base; path = Base.lproj/LaunchScreen.storyboard; sourceTree = "<group>"; };
		50F8E0AC23F6AF150065763A /* Info.plist */ = {isa = PBXFileReference; lastKnownFileType = text.plist.xml; path = Info.plist; sourceTree = "<group>"; };
		50F8E0B223F6B01C0065763A /* QuestionAndAnswers.swift */ = {isa = PBXFileReference; fileEncoding = 4; lastKnownFileType = sourcecode.swift; path = QuestionAndAnswers.swift; sourceTree = "<group>"; };
		50F8E0B423F6B03F0065763A /* NetworkService.swift */ = {isa = PBXFileReference; fileEncoding = 4; lastKnownFileType = sourcecode.swift; path = NetworkService.swift; sourceTree = "<group>"; };
		50F8E0B623F6B05A0065763A /* MainMenuController.swift */ = {isa = PBXFileReference; fileEncoding = 4; lastKnownFileType = sourcecode.swift; path = MainMenuController.swift; sourceTree = "<group>"; };
		50F8E0B823F6D27E0065763A /* GameController.swift */ = {isa = PBXFileReference; lastKnownFileType = sourcecode.swift; path = GameController.swift; sourceTree = "<group>"; };
		50F8E0BA23F6DBA60065763A /* AnswerCell.swift */ = {isa = PBXFileReference; lastKnownFileType = sourcecode.swift; path = AnswerCell.swift; sourceTree = "<group>"; };
		50F8E0BB23F6DBA60065763A /* AnswerCell.xib */ = {isa = PBXFileReference; lastKnownFileType = file.xib; path = AnswerCell.xib; sourceTree = "<group>"; };
		50F8E0BE23F81BFF0065763A /* ResultsController.swift */ = {isa = PBXFileReference; lastKnownFileType = sourcecode.swift; path = ResultsController.swift; sourceTree = "<group>"; };
		55A25C5B2FA408F6F2C3C276 /* Pods_Millionaire.framework */ = {isa = PBXFileReference; explicitFileType = wrapper.framework; includeInIndex = 0; path = Pods_Millionaire.framework; sourceTree = BUILT_PRODUCTS_DIR; };
		DF2A962B935C116C139927B8 /* Pods-Millionaire.release.xcconfig */ = {isa = PBXFileReference; includeInIndex = 1; lastKnownFileType = text.xcconfig; name = "Pods-Millionaire.release.xcconfig"; path = "Target Support Files/Pods-Millionaire/Pods-Millionaire.release.xcconfig"; sourceTree = "<group>"; };
/* End PBXFileReference section */

/* Begin PBXFrameworksBuildPhase section */
		50F8E09823F6AF140065763A /* Frameworks */ = {
			isa = PBXFrameworksBuildPhase;
			buildActionMask = 2147483647;
			files = (
				987A4CE59263262CD5EEC2F9 /* Pods_Millionaire.framework in Frameworks */,
			);
			runOnlyForDeploymentPostprocessing = 0;
		};
/* End PBXFrameworksBuildPhase section */

/* Begin PBXGroup section */
		5086B4FD240BD706005966B4 /* Patterns */ = {
			isa = PBXGroup;
			children = (
				5086B4FE240BD727005966B4 /* Strategy */,
				50BBDE0623FB8C9500B8A540 /* ResultsCaretaker.swift */,
				503EA9C9240D5A5400C8CEAE /* GameDifficultyFacade.swift */,
			);
			path = Patterns;
			sourceTree = "<group>";
		};
		5086B4FE240BD727005966B4 /* Strategy */ = {
			isa = PBXGroup;
			children = (
				503EA9C7240CC12100C8CEAE /* QuestionStrategy.swift */,
				503EA9C5240C9EBE00C8CEAE /* TimeStrategy.swift */,
			);
			path = Strategy;
			sourceTree = "<group>";
		};
		50BBDE0523FB872B00B8A540 /* Models */ = {
			isa = PBXGroup;
			children = (
				5086B4FF240BD757005966B4 /* Difficulty.swift */,
				50BBDDFF23FB7FB200B8A540 /* Game.swift */,
				50BBDE0323FB84E000B8A540 /* GameResult.swift */,
				50BBDE0123FB805500B8A540 /* GameSession.swift */,
				50F8E0B223F6B01C0065763A /* QuestionAndAnswers.swift */,
			);
			path = Models;
			sourceTree = "<group>";
		};
		50F8E09223F6AF140065763A = {
			isa = PBXGroup;
			children = (
				50F8E09D23F6AF140065763A /* Millionaire */,
				50F8E09C23F6AF140065763A /* Products */,
				9F0BDE363555444B3E715FA1 /* Pods */,
				DBE7AA2D61AC1688767C7889 /* Frameworks */,
			);
			sourceTree = "<group>";
		};
		50F8E09C23F6AF140065763A /* Products */ = {
			isa = PBXGroup;
			children = (
				50F8E09B23F6AF140065763A /* Millionaire.app */,
			);
			name = Products;
			sourceTree = "<group>";
		};
		50F8E09D23F6AF140065763A /* Millionaire */ = {
			isa = PBXGroup;
			children = (
				50F8E0A423F6AF140065763A /* Main.storyboard */,
				50F8E09E23F6AF140065763A /* AppDelegate.swift */,
				50F8E0A023F6AF140065763A /* SceneDelegate.swift */,
				50F8E0AC23F6AF150065763A /* Info.plist */,
				50F8E0A923F6AF150065763A /* LaunchScreen.storyboard */,
				50F8E0A723F6AF150065763A /* Assets.xcassets */,
				50F8E0BA23F6DBA60065763A /* AnswerCell.swift */,
				50F8E0BB23F6DBA60065763A /* AnswerCell.xib */,
				50F8E0BE23F81BFF0065763A /* ResultsController.swift */,
				50F8E0B823F6D27E0065763A /* GameController.swift */,
				50F8E0B623F6B05A0065763A /* MainMenuController.swift */,
				50F8E0B423F6B03F0065763A /* NetworkService.swift */,
				5086B4FD240BD706005966B4 /* Patterns */,
				50BBDE0523FB872B00B8A540 /* Models */,
			);
			path = Millionaire;
			sourceTree = "<group>";
		};
		9F0BDE363555444B3E715FA1 /* Pods */ = {
			isa = PBXGroup;
			children = (
				1CDC7237E9B56CA4D143E626 /* Pods-Millionaire.debug.xcconfig */,
				DF2A962B935C116C139927B8 /* Pods-Millionaire.release.xcconfig */,
			);
			path = Pods;
			sourceTree = "<group>";
		};
		DBE7AA2D61AC1688767C7889 /* Frameworks */ = {
			isa = PBXGroup;
			children = (
				55A25C5B2FA408F6F2C3C276 /* Pods_Millionaire.framework */,
			);
			name = Frameworks;
			sourceTree = "<group>";
		};
/* End PBXGroup section */

/* Begin PBXNativeTarget section */
		50F8E09A23F6AF140065763A /* Millionaire */ = {
			isa = PBXNativeTarget;
			buildConfigurationList = 50F8E0AF23F6AF150065763A /* Build configuration list for PBXNativeTarget "Millionaire" */;
			buildPhases = (
				A4008A46F5FB35FFA4D4A8C8 /* [CP] Check Pods Manifest.lock */,
				50F8E09723F6AF140065763A /* Sources */,
				50F8E09823F6AF140065763A /* Frameworks */,
				50F8E09923F6AF140065763A /* Resources */,
				A2C5A735A0AB78B87FF2F7BF /* [CP] Embed Pods Frameworks */,
			);
			buildRules = (
			);
			dependencies = (
			);
			name = Millionaire;
			productName = Millionaire;
			productReference = 50F8E09B23F6AF140065763A /* Millionaire.app */;
			productType = "com.apple.product-type.application";
		};
/* End PBXNativeTarget section */

/* Begin PBXProject section */
		50F8E09323F6AF140065763A /* Project object */ = {
			isa = PBXProject;
			attributes = {
				LastSwiftUpdateCheck = 1130;
				LastUpgradeCheck = 1130;
				ORGANIZATIONNAME = "Maksim Romanov";
				TargetAttributes = {
					50F8E09A23F6AF140065763A = {
						CreatedOnToolsVersion = 11.3.1;
					};
				};
			};
			buildConfigurationList = 50F8E09623F6AF140065763A /* Build configuration list for PBXProject "Millionaire" */;
			compatibilityVersion = "Xcode 9.3";
			developmentRegion = en;
			hasScannedForEncodings = 0;
			knownRegions = (
				en,
				Base,
			);
			mainGroup = 50F8E09223F6AF140065763A;
			productRefGroup = 50F8E09C23F6AF140065763A /* Products */;
			projectDirPath = "";
			projectRoot = "";
			targets = (
				50F8E09A23F6AF140065763A /* Millionaire */,
			);
		};
/* End PBXProject section */

/* Begin PBXResourcesBuildPhase section */
		50F8E09923F6AF140065763A /* Resources */ = {
			isa = PBXResourcesBuildPhase;
			buildActionMask = 2147483647;
			files = (
				50F8E0AB23F6AF150065763A /* LaunchScreen.storyboard in Resources */,
				50F8E0A823F6AF150065763A /* Assets.xcassets in Resources */,
				50F8E0A623F6AF140065763A /* Main.storyboard in Resources */,
				50F8E0BD23F6DBA60065763A /* AnswerCell.xib in Resources */,
			);
			runOnlyForDeploymentPostprocessing = 0;
		};
/* End PBXResourcesBuildPhase section */

/* Begin PBXShellScriptBuildPhase section */
		A2C5A735A0AB78B87FF2F7BF /* [CP] Embed Pods Frameworks */ = {
			isa = PBXShellScriptBuildPhase;
			buildActionMask = 2147483647;
			files = (
			);
			inputFileListPaths = (
				"${PODS_ROOT}/Target Support Files/Pods-Millionaire/Pods-Millionaire-frameworks-${CONFIGURATION}-input-files.xcfilelist",
			);
			name = "[CP] Embed Pods Frameworks";
			outputFileListPaths = (
				"${PODS_ROOT}/Target Support Files/Pods-Millionaire/Pods-Millionaire-frameworks-${CONFIGURATION}-output-files.xcfilelist",
			);
			runOnlyForDeploymentPostprocessing = 0;
			shellPath = /bin/sh;
			shellScript = "\"${PODS_ROOT}/Target Support Files/Pods-Millionaire/Pods-Millionaire-frameworks.sh\"\n";
			showEnvVarsInLog = 0;
		};
		A4008A46F5FB35FFA4D4A8C8 /* [CP] Check Pods Manifest.lock */ = {
			isa = PBXShellScriptBuildPhase;
			buildActionMask = 2147483647;
			files = (
			);
			inputFileListPaths = (
			);
			inputPaths = (
				"${PODS_PODFILE_DIR_PATH}/Podfile.lock",
				"${PODS_ROOT}/Manifest.lock",
			);
			name = "[CP] Check Pods Manifest.lock";
			outputFileListPaths = (
			);
			outputPaths = (
				"$(DERIVED_FILE_DIR)/Pods-Millionaire-checkManifestLockResult.txt",
			);
			runOnlyForDeploymentPostprocessing = 0;
			shellPath = /bin/sh;
			shellScript = "diff \"${PODS_PODFILE_DIR_PATH}/Podfile.lock\" \"${PODS_ROOT}/Manifest.lock\" > /dev/null\nif [ $? != 0 ] ; then\n    # print error to STDERR\n    echo \"error: The sandbox is not in sync with the Podfile.lock. Run 'pod install' or update your CocoaPods installation.\" >&2\n    exit 1\nfi\n# This output is used by Xcode 'outputs' to avoid re-running this script phase.\necho \"SUCCESS\" > \"${SCRIPT_OUTPUT_FILE_0}\"\n";
			showEnvVarsInLog = 0;
		};
/* End PBXShellScriptBuildPhase section */

/* Begin PBXSourcesBuildPhase section */
		50F8E09723F6AF140065763A /* Sources */ = {
			isa = PBXSourcesBuildPhase;
			buildActionMask = 2147483647;
			files = (
				50F8E0BF23F81BFF0065763A /* ResultsController.swift in Sources */,
				503EA9C8240CC12100C8CEAE /* QuestionStrategy.swift in Sources */,
				50BBDE0023FB7FB200B8A540 /* Game.swift in Sources */,
				50BBDE0223FB805500B8A540 /* GameSession.swift in Sources */,
				50F8E0B523F6B03F0065763A /* NetworkService.swift in Sources */,
				50F8E0B923F6D27E0065763A /* GameController.swift in Sources */,
				503EA9CA240D5A5400C8CEAE /* GameDifficultyFacade.swift in Sources */,
				503EA9C6240C9EBE00C8CEAE /* TimeStrategy.swift in Sources */,
				50F8E09F23F6AF140065763A /* AppDelegate.swift in Sources */,
				50F8E0A123F6AF140065763A /* SceneDelegate.swift in Sources */,
				50F8E0BC23F6DBA60065763A /* AnswerCell.swift in Sources */,
				50F8E0B323F6B01C0065763A /* QuestionAndAnswers.swift in Sources */,
				50BBDE0723FB8C9500B8A540 /* ResultsCaretaker.swift in Sources */,
				50F8E0B723F6B05A0065763A /* MainMenuController.swift in Sources */,
				50BBDE0423FB84E000B8A540 /* GameResult.swift in Sources */,
				5086B500240BD757005966B4 /* Difficulty.swift in Sources */,
			);
			runOnlyForDeploymentPostprocessing = 0;
		};
/* End PBXSourcesBuildPhase section */

/* Begin PBXVariantGroup section */
		50F8E0A423F6AF140065763A /* Main.storyboard */ = {
			isa = PBXVariantGroup;
			children = (
				50F8E0A523F6AF140065763A /* Base */,
			);
			name = Main.storyboard;
			sourceTree = "<group>";
		};
		50F8E0A923F6AF150065763A /* LaunchScreen.storyboard */ = {
			isa = PBXVariantGroup;
			children = (
				50F8E0AA23F6AF150065763A /* Base */,
			);
			name = LaunchScreen.storyboard;
			sourceTree = "<group>";
		};
/* End PBXVariantGroup section */

/* Begin XCBuildConfiguration section */
		50F8E0AD23F6AF150065763A /* Debug */ = {
			isa = XCBuildConfiguration;
			buildSettings = {
				ALWAYS_SEARCH_USER_PATHS = NO;
				CLANG_ANALYZER_NONNULL = YES;
				CLANG_ANALYZER_NUMBER_OBJECT_CONVERSION = YES_AGGRESSIVE;
				CLANG_CXX_LANGUAGE_STANDARD = "gnu++14";
				CLANG_CXX_LIBRARY = "libc++";
				CLANG_ENABLE_MODULES = YES;
				CLANG_ENABLE_OBJC_ARC = YES;
				CLANG_ENABLE_OBJC_WEAK = YES;
				CLANG_WARN_BLOCK_CAPTURE_AUTORELEASING = YES;
				CLANG_WARN_BOOL_CONVERSION = YES;
				CLANG_WARN_COMMA = YES;
				CLANG_WARN_CONSTANT_CONVERSION = YES;
				CLANG_WARN_DEPRECATED_OBJC_IMPLEMENTATIONS = YES;
				CLANG_WARN_DIRECT_OBJC_ISA_USAGE = YES_ERROR;
				CLANG_WARN_DOCUMENTATION_COMMENTS = YES;
				CLANG_WARN_EMPTY_BODY = YES;
				CLANG_WARN_ENUM_CONVERSION = YES;
				CLANG_WARN_INFINITE_RECURSION = YES;
				CLANG_WARN_INT_CONVERSION = YES;
				CLANG_WARN_NON_LITERAL_NULL_CONVERSION = YES;
				CLANG_WARN_OBJC_IMPLICIT_RETAIN_SELF = YES;
				CLANG_WARN_OBJC_LITERAL_CONVERSION = YES;
				CLANG_WARN_OBJC_ROOT_CLASS = YES_ERROR;
				CLANG_WARN_RANGE_LOOP_ANALYSIS = YES;
				CLANG_WARN_STRICT_PROTOTYPES = YES;
				CLANG_WARN_SUSPICIOUS_MOVE = YES;
				CLANG_WARN_UNGUARDED_AVAILABILITY = YES_AGGRESSIVE;
				CLANG_WARN_UNREACHABLE_CODE = YES;
				CLANG_WARN__DUPLICATE_METHOD_MATCH = YES;
				COPY_PHASE_STRIP = NO;
				DEBUG_INFORMATION_FORMAT = dwarf;
				ENABLE_STRICT_OBJC_MSGSEND = YES;
				ENABLE_TESTABILITY = YES;
				GCC_C_LANGUAGE_STANDARD = gnu11;
				GCC_DYNAMIC_NO_PIC = NO;
				GCC_NO_COMMON_BLOCKS = YES;
				GCC_OPTIMIZATION_LEVEL = 0;
				GCC_PREPROCESSOR_DEFINITIONS = (
					"DEBUG=1",
					"$(inherited)",
				);
				GCC_WARN_64_TO_32_BIT_CONVERSION = YES;
				GCC_WARN_ABOUT_RETURN_TYPE = YES_ERROR;
				GCC_WARN_UNDECLARED_SELECTOR = YES;
				GCC_WARN_UNINITIALIZED_AUTOS = YES_AGGRESSIVE;
				GCC_WARN_UNUSED_FUNCTION = YES;
				GCC_WARN_UNUSED_VARIABLE = YES;
				IPHONEOS_DEPLOYMENT_TARGET = 13.2;
				MTL_ENABLE_DEBUG_INFO = INCLUDE_SOURCE;
				MTL_FAST_MATH = YES;
				ONLY_ACTIVE_ARCH = YES;
				SDKROOT = iphoneos;
				SWIFT_ACTIVE_COMPILATION_CONDITIONS = DEBUG;
				SWIFT_OPTIMIZATION_LEVEL = "-Onone";
			};
			name = Debug;
		};
		50F8E0AE23F6AF150065763A /* Release */ = {
			isa = XCBuildConfiguration;
			buildSettings = {
				ALWAYS_SEARCH_USER_PATHS = NO;
				CLANG_ANALYZER_NONNULL = YES;
				CLANG_ANALYZER_NUMBER_OBJECT_CONVERSION = YES_AGGRESSIVE;
				CLANG_CXX_LANGUAGE_STANDARD = "gnu++14";
				CLANG_CXX_LIBRARY = "libc++";
				CLANG_ENABLE_MODULES = YES;
				CLANG_ENABLE_OBJC_ARC = YES;
				CLANG_ENABLE_OBJC_WEAK = YES;
				CLANG_WARN_BLOCK_CAPTURE_AUTORELEASING = YES;
				CLANG_WARN_BOOL_CONVERSION = YES;
				CLANG_WARN_COMMA = YES;
				CLANG_WARN_CONSTANT_CONVERSION = YES;
				CLANG_WARN_DEPRECATED_OBJC_IMPLEMENTATIONS = YES;
				CLANG_WARN_DIRECT_OBJC_ISA_USAGE = YES_ERROR;
				CLANG_WARN_DOCUMENTATION_COMMENTS = YES;
				CLANG_WARN_EMPTY_BODY = YES;
				CLANG_WARN_ENUM_CONVERSION = YES;
				CLANG_WARN_INFINITE_RECURSION = YES;
				CLANG_WARN_INT_CONVERSION = YES;
				CLANG_WARN_NON_LITERAL_NULL_CONVERSION = YES;
				CLANG_WARN_OBJC_IMPLICIT_RETAIN_SELF = YES;
				CLANG_WARN_OBJC_LITERAL_CONVERSION = YES;
				CLANG_WARN_OBJC_ROOT_CLASS = YES_ERROR;
				CLANG_WARN_RANGE_LOOP_ANALYSIS = YES;
				CLANG_WARN_STRICT_PROTOTYPES = YES;
				CLANG_WARN_SUSPICIOUS_MOVE = YES;
				CLANG_WARN_UNGUARDED_AVAILABILITY = YES_AGGRESSIVE;
				CLANG_WARN_UNREACHABLE_CODE = YES;
				CLANG_WARN__DUPLICATE_METHOD_MATCH = YES;
				COPY_PHASE_STRIP = NO;
				DEBUG_INFORMATION_FORMAT = "dwarf-with-dsym";
				ENABLE_NS_ASSERTIONS = NO;
				ENABLE_STRICT_OBJC_MSGSEND = YES;
				GCC_C_LANGUAGE_STANDARD = gnu11;
				GCC_NO_COMMON_BLOCKS = YES;
				GCC_WARN_64_TO_32_BIT_CONVERSION = YES;
				GCC_WARN_ABOUT_RETURN_TYPE = YES_ERROR;
				GCC_WARN_UNDECLARED_SELECTOR = YES;
				GCC_WARN_UNINITIALIZED_AUTOS = YES_AGGRESSIVE;
				GCC_WARN_UNUSED_FUNCTION = YES;
				GCC_WARN_UNUSED_VARIABLE = YES;
				IPHONEOS_DEPLOYMENT_TARGET = 13.2;
				MTL_ENABLE_DEBUG_INFO = NO;
				MTL_FAST_MATH = YES;
				SDKROOT = iphoneos;
				SWIFT_COMPILATION_MODE = wholemodule;
				SWIFT_OPTIMIZATION_LEVEL = "-O";
				VALIDATE_PRODUCT = YES;
			};
			name = Release;
		};
		50F8E0B023F6AF150065763A /* Debug */ = {
			isa = XCBuildConfiguration;
			baseConfigurationReference = 1CDC7237E9B56CA4D143E626 /* Pods-Millionaire.debug.xcconfig */;
			buildSettings = {
				ASSETCATALOG_COMPILER_APPICON_NAME = AppIcon;
				CODE_SIGN_STYLE = Automatic;
				DEVELOPMENT_TEAM = CYRJ8GPB6C;
				INFOPLIST_FILE = Millionaire/Info.plist;
				LD_RUNPATH_SEARCH_PATHS = (
					"$(inherited)",
					"@executable_path/Frameworks",
				);
				PRODUCT_BUNDLE_IDENTIFIER = MR.Millionaire;
				PRODUCT_NAME = "$(TARGET_NAME)";
				SWIFT_VERSION = 5.0;
				TARGETED_DEVICE_FAMILY = "1,2";
			};
			name = Debug;
		};
		50F8E0B123F6AF150065763A /* Release */ = {
			isa = XCBuildConfiguration;
			baseConfigurationReference = DF2A962B935C116C139927B8 /* Pods-Millionaire.release.xcconfig */;
			buildSettings = {
				ASSETCATALOG_COMPILER_APPICON_NAME = AppIcon;
				CODE_SIGN_STYLE = Automatic;
				DEVELOPMENT_TEAM = CYRJ8GPB6C;
				INFOPLIST_FILE = Millionaire/Info.plist;
				LD_RUNPATH_SEARCH_PATHS = (
					"$(inherited)",
					"@executable_path/Frameworks",
				);
				PRODUCT_BUNDLE_IDENTIFIER = MR.Millionaire;
				PRODUCT_NAME = "$(TARGET_NAME)";
				SWIFT_VERSION = 5.0;
				TARGETED_DEVICE_FAMILY = "1,2";
			};
			name = Release;
		};
/* End XCBuildConfiguration section */

/* Begin XCConfigurationList section */
		50F8E09623F6AF140065763A /* Build configuration list for PBXProject "Millionaire" */ = {
			isa = XCConfigurationList;
			buildConfigurations = (
				50F8E0AD23F6AF150065763A /* Debug */,
				50F8E0AE23F6AF150065763A /* Release */,
			);
			defaultConfigurationIsVisible = 0;
			defaultConfigurationName = Release;
		};
		50F8E0AF23F6AF150065763A /* Build configuration list for PBXNativeTarget "Millionaire" */ = {
			isa = XCConfigurationList;
			buildConfigurations = (
				50F8E0B023F6AF150065763A /* Debug */,
				50F8E0B123F6AF150065763A /* Release */,
			);
			defaultConfigurationIsVisible = 0;
			defaultConfigurationName = Release;
		};
/* End XCConfigurationList section */
	};
	rootObject = 50F8E09323F6AF140065763A /* Project object */;
}
